
Microsoft Visual Studio Solution File, Format Version 12.00
# Visual Studio Version 16
VisualStudioVersion = 16.0.29215.179
MinimumVisualStudioVersion = 10.0.40219.1
Project("{FAE04EC0-301F-11D3-BF4B-00C04F79EFBC}") = "js.s.p0124", "js.s.p0124\js.s.p0124.csproj", "{32D792EF-BB8B-412D-9CB1-1DBFC7EE069F}"
EndProject
Global
	GlobalSection(SolutionConfigurationPlatforms) = preSolution
		Debug|Any CPU = Debug|Any CPU
		Release|Any CPU = Release|Any CPU
	EndGlobalSection
	GlobalSection(ProjectConfigurationPlatforms) = postSolution
		{32D792EF-BB8B-412D-9CB1-1DBFC7EE069F}.Debug|Any CPU.ActiveCfg = Debug|Any CPU
		{32D792EF-BB8B-412D-9CB1-1DBFC7EE069F}.Debug|Any CPU.Build.0 = Debug|Any CPU
		{32D792EF-BB8B-412D-9CB1-1DBFC7EE069F}.Release|Any CPU.ActiveCfg = Release|Any CPU
		{32D792EF-BB8B-412D-9CB1-1DBFC7EE069F}.Release|Any CPU.Build.0 = Release|Any CPU
	EndGlobalSection
	GlobalSection(SolutionProperties) = preSolution
		HideSolutionNode = FALSE
	EndGlobalSection
	GlobalSection(ExtensibilityGlobals) = postSolution
		SolutionGuid = {ADE9F04D-7895-44F2-979F-8D82DE98FE29}
	EndGlobalSection
EndGlobal
